{
  "name": "dioxus_test",
  "lockfileVersion": 3,
  "requires": true,
  "packages": {
    "": {
      "devDependencies": {
        "daisyui": "^5.1.14"
      }
    },
    "node_modules/daisyui": {
      "version": "5.1.14",
      "resolved": "https://registry.npmjs.org/daisyui/-/daisyui-5.1.14.tgz",
      "integrity": "sha512-c9Op7tB8vLzzazFaLeyFsmmVMLrU8sYo1sHuStBGTbaAzLVxrulelGQBROo/lS2ZxWm/CnCb9NWdKbTL+MaKFA==",
      "dev": true,
      "license": "MIT",
      "funding": {
        "url": "https://github.com/saadeghi/daisyui?sponsor=1"
      }
    }
  }
}
